
Microsoft Visual Studio Solution File, Format Version 12.00
# Visual Studio 14
VisualStudioVersion = 14.0.25420.1
MinimumVisualStudioVersion = 10.0.40219.1
Project("{FAE04EC0-301F-11D3-BF4B-00C04F79EFBC}") = "DragAndDropMVVM.Demo", "DragAndDropMVVM.Demo\DragAndDropMVVM.Demo.csproj", "{3715D6FD-B075-4C4E-9F96-DE5631AC6C8B}"
EndProject
Project("{FAE04EC0-301F-11D3-BF4B-00C04F79EFBC}") = "DragAndDropMVVM", "DragAndDropMVVM\DragAndDropMVVM.csproj", "{AF3E62DD-26B0-4E0B-A17E-1659D12887D8}"
EndProject
Project("{FAE04EC0-301F-11D3-BF4B-00C04F79EFBC}") = "Demo.YuriOnIce.Relationship.MvvmLight", "Demo.YuriOnIce.Relationship\Demo.YuriOnIce.Relationship.MvvmLight.csproj", "{C4E5BDA7-E0A1-491E-8C09-A833BEB5E141}"
EndProject
Project("{FAE04EC0-301F-11D3-BF4B-00C04F79EFBC}") = "Demo.YuriOnIce.Relationship.Prism", "Demo.YuriOnIce.Relationship.Prism\Demo.YuriOnIce.Relationship.Prism.csproj", "{CAFFB5DC-61B3-4CC5-91BA-B92A2734B7DA}"
EndProject
Project("{FAE04EC0-301F-11D3-BF4B-00C04F79EFBC}") = "Demo.Mr.Osomatsu", "Demo.Mr.Osomatsu\Demo.Mr.Osomatsu.csproj", "{A0ACB6E6-5226-421E-AAE4-0BF63D1F85DF}"
EndProject
Project("{FAE04EC0-301F-11D3-BF4B-00C04F79EFBC}") = "Demo.Mr.Osomatsu.ViewModel", "Demo.Mr.Osomatsu.ViewModel\Demo.Mr.Osomatsu.ViewModel.csproj", "{93F47B1D-F01F-43C1-A4E2-C9D4D5DB7FBC}"
EndProject
Global
	GlobalSection(SolutionConfigurationPlatforms) = preSolution
		Debug|Any CPU = Debug|Any CPU
		Release|Any CPU = Release|Any CPU
	EndGlobalSection
	GlobalSection(ProjectConfigurationPlatforms) = postSolution
		{3715D6FD-B075-4C4E-9F96-DE5631AC6C8B}.Debug|Any CPU.ActiveCfg = Debug|Any CPU
		{3715D6FD-B075-4C4E-9F96-DE5631AC6C8B}.Release|Any CPU.ActiveCfg = Release|Any CPU
		{3715D6FD-B075-4C4E-9F96-DE5631AC6C8B}.Release|Any CPU.Build.0 = Release|Any CPU
		{AF3E62DD-26B0-4E0B-A17E-1659D12887D8}.Debug|Any CPU.ActiveCfg = Debug|Any CPU
		{AF3E62DD-26B0-4E0B-A17E-1659D12887D8}.Debug|Any CPU.Build.0 = Debug|Any CPU
		{AF3E62DD-26B0-4E0B-A17E-1659D12887D8}.Release|Any CPU.ActiveCfg = Release|Any CPU
		{AF3E62DD-26B0-4E0B-A17E-1659D12887D8}.Release|Any CPU.Build.0 = Release|Any CPU
		{C4E5BDA7-E0A1-491E-8C09-A833BEB5E141}.Debug|Any CPU.ActiveCfg = Debug|Any CPU
		{C4E5BDA7-E0A1-491E-8C09-A833BEB5E141}.Debug|Any CPU.Build.0 = Debug|Any CPU
		{C4E5BDA7-E0A1-491E-8C09-A833BEB5E141}.Release|Any CPU.ActiveCfg = Release|Any CPU
		{C4E5BDA7-E0A1-491E-8C09-A833BEB5E141}.Release|Any CPU.Build.0 = Release|Any CPU
		{CAFFB5DC-61B3-4CC5-91BA-B92A2734B7DA}.Debug|Any CPU.ActiveCfg = Debug|Any CPU
		{CAFFB5DC-61B3-4CC5-91BA-B92A2734B7DA}.Debug|Any CPU.Build.0 = Debug|Any CPU
		{CAFFB5DC-61B3-4CC5-91BA-B92A2734B7DA}.Release|Any CPU.ActiveCfg = Release|Any CPU
		{CAFFB5DC-61B3-4CC5-91BA-B92A2734B7DA}.Release|Any CPU.Build.0 = Release|Any CPU
		{A0ACB6E6-5226-421E-AAE4-0BF63D1F85DF}.Debug|Any CPU.ActiveCfg = Debug|Any CPU
		{A0ACB6E6-5226-421E-AAE4-0BF63D1F85DF}.Debug|Any CPU.Build.0 = Debug|Any CPU
		{A0ACB6E6-5226-421E-AAE4-0BF63D1F85DF}.Release|Any CPU.ActiveCfg = Release|Any CPU
		{A0ACB6E6-5226-421E-AAE4-0BF63D1F85DF}.Release|Any CPU.Build.0 = Release|Any CPU
		{93F47B1D-F01F-43C1-A4E2-C9D4D5DB7FBC}.Debug|Any CPU.ActiveCfg = Debug|Any CPU
		{93F47B1D-F01F-43C1-A4E2-C9D4D5DB7FBC}.Debug|Any CPU.Build.0 = Debug|Any CPU
		{93F47B1D-F01F-43C1-A4E2-C9D4D5DB7FBC}.Release|Any CPU.ActiveCfg = Release|Any CPU
		{93F47B1D-F01F-43C1-A4E2-C9D4D5DB7FBC}.Release|Any CPU.Build.0 = Release|Any CPU
	EndGlobalSection
	GlobalSection(SolutionProperties) = preSolution
		HideSolutionNode = FALSE
	EndGlobalSection
EndGlobal
